// !$*UTF8*$!
{
	archiveVersion = 1;
	classes = {
	};
	objectVersion = 46;
	objects = {

/* Begin PBXBuildFile section */
		19168DD36A2E6E8F1CD75528 /* Pods_Pixel_city.framework in Frameworks */ = {isa = PBXBuildFile; fileRef = DFF4824CC07B33319962FC96 /* Pods_Pixel_city.framework */; };
		3800964B1F5658C60078A726 /* AppDelegate.swift in Sources */ = {isa = PBXBuildFile; fileRef = 3800964A1F5658C60078A726 /* AppDelegate.swift */; };
		380096501F5658C60078A726 /* Main.storyboard in Resources */ = {isa = PBXBuildFile; fileRef = 3800964E1F5658C60078A726 /* Main.storyboard */; };
		380096521F5658C60078A726 /* Assets.xcassets in Resources */ = {isa = PBXBuildFile; fileRef = 380096511F5658C60078A726 /* Assets.xcassets */; };
		380096551F5658C60078A726 /* LaunchScreen.storyboard in Resources */ = {isa = PBXBuildFile; fileRef = 380096531F5658C60078A726 /* LaunchScreen.storyboard */; };
		3800965F1F578B5F0078A726 /* MapViewController.swift in Sources */ = {isa = PBXBuildFile; fileRef = 3800965E1F578B5F0078A726 /* MapViewController.swift */; };
		380096611F578B7C0078A726 /* PopViewController.swift in Sources */ = {isa = PBXBuildFile; fileRef = 380096601F578B7C0078A726 /* PopViewController.swift */; };
		380096631F5793CC0078A726 /* DroppablePin.swift in Sources */ = {isa = PBXBuildFile; fileRef = 380096621F5793CC0078A726 /* DroppablePin.swift */; };
		380096651F579F390078A726 /* PhotoCell.swift in Sources */ = {isa = PBXBuildFile; fileRef = 380096641F579F390078A726 /* PhotoCell.swift */; };
		380096671F57AE310078A726 /* Utilities.swift in Sources */ = {isa = PBXBuildFile; fileRef = 380096661F57AE310078A726 /* Utilities.swift */; };
		3879A4F21FBD67FC005E79E7 /* MapKit.framework in Frameworks */ = {isa = PBXBuildFile; fileRef = 3879A4F11FBD67FC005E79E7 /* MapKit.framework */; };
/* End PBXBuildFile section */

/* Begin PBXFileReference section */
		1874C6294FD0A325851D04F9 /* Pods-Pixel city.release.xcconfig */ = {isa = PBXFileReference; includeInIndex = 1; lastKnownFileType = text.xcconfig; name = "Pods-Pixel city.release.xcconfig"; path = "Pods/Target Support Files/Pods-Pixel city/Pods-Pixel city.release.xcconfig"; sourceTree = "<group>"; };
		380096471F5658C60078A726 /* Flickr city.app */ = {isa = PBXFileReference; explicitFileType = wrapper.application; includeInIndex = 0; path = "Flickr city.app"; sourceTree = BUILT_PRODUCTS_DIR; };
		3800964A1F5658C60078A726 /* AppDelegate.swift */ = {isa = PBXFileReference; lastKnownFileType = sourcecode.swift; path = AppDelegate.swift; sourceTree = "<group>"; };
		3800964F1F5658C60078A726 /* Base */ = {isa = PBXFileReference; lastKnownFileType = file.storyboard; name = Base; path = Base.lproj/Main.storyboard; sourceTree = "<group>"; };
		380096511F5658C60078A726 /* Assets.xcassets */ = {isa = PBXFileReference; lastKnownFileType = folder.assetcatalog; path = Assets.xcassets; sourceTree = "<group>"; };
		380096541F5658C60078A726 /* Base */ = {isa = PBXFileReference; lastKnownFileType = file.storyboard; name = Base; path = Base.lproj/LaunchScreen.storyboard; sourceTree = "<group>"; };
		380096561F5658C60078A726 /* Info.plist */ = {isa = PBXFileReference; lastKnownFileType = text.plist.xml; path = Info.plist; sourceTree = "<group>"; };
		3800965E1F578B5F0078A726 /* MapViewController.swift */ = {isa = PBXFileReference; fileEncoding = 4; lastKnownFileType = sourcecode.swift; path = MapViewController.swift; sourceTree = "<group>"; };
		380096601F578B7C0078A726 /* PopViewController.swift */ = {isa = PBXFileReference; fileEncoding = 4; lastKnownFileType = sourcecode.swift; path = PopViewController.swift; sourceTree = "<group>"; };
		380096621F5793CC0078A726 /* DroppablePin.swift */ = {isa = PBXFileReference; fileEncoding = 4; lastKnownFileType = sourcecode.swift; path = DroppablePin.swift; sourceTree = "<group>"; };
		380096641F579F390078A726 /* PhotoCell.swift */ = {isa = PBXFileReference; fileEncoding = 4; lastKnownFileType = sourcecode.swift; path = PhotoCell.swift; sourceTree = "<group>"; };
		380096661F57AE310078A726 /* Utilities.swift */ = {isa = PBXFileReference; fileEncoding = 4; lastKnownFileType = sourcecode.swift; path = Utilities.swift; sourceTree = "<group>"; };
		3879A4F11FBD67FC005E79E7 /* MapKit.framework */ = {isa = PBXFileReference; lastKnownFileType = wrapper.framework; name = MapKit.framework; path = System/Library/Frameworks/MapKit.framework; sourceTree = SDKROOT; };
		437DB41AEED94A8B34C83E06 /* Pods-Pixel city.debug.xcconfig */ = {isa = PBXFileReference; includeInIndex = 1; lastKnownFileType = text.xcconfig; name = "Pods-Pixel city.debug.xcconfig"; path = "Pods/Target Support Files/Pods-Pixel city/Pods-Pixel city.debug.xcconfig"; sourceTree = "<group>"; };
		DFF4824CC07B33319962FC96 /* Pods_Pixel_city.framework */ = {isa = PBXFileReference; explicitFileType = wrapper.framework; includeInIndex = 0; path = Pods_Pixel_city.framework; sourceTree = BUILT_PRODUCTS_DIR; };
/* End PBXFileReference section */

/* Begin PBXFrameworksBuildPhase section */
		380096441F5658C60078A726 /* Frameworks */ = {
			isa = PBXFrameworksBuildPhase;
			buildActionMask = 2147483647;
			files = (
				3879A4F21FBD67FC005E79E7 /* MapKit.framework in Frameworks */,
				19168DD36A2E6E8F1CD75528 /* Pods_Pixel_city.framework in Frameworks */,
			);
			runOnlyForDeploymentPostprocessing = 0;
		};
/* End PBXFrameworksBuildPhase section */

/* Begin PBXGroup section */
		04EC8834039145BC498DEA39 /* Frameworks */ = {
			isa = PBXGroup;
			children = (
				3879A4F11FBD67FC005E79E7 /* MapKit.framework */,
				DFF4824CC07B33319962FC96 /* Pods_Pixel_city.framework */,
			);
			name = Frameworks;
			sourceTree = "<group>";
		};
		3800963E1F5658C60078A726 = {
			isa = PBXGroup;
			children = (
				380096491F5658C60078A726 /* Pixel city */,
				380096481F5658C60078A726 /* Products */,
				7C66BBC42A252D29DFEF1DA3 /* Pods */,
				04EC8834039145BC498DEA39 /* Frameworks */,
			);
			sourceTree = "<group>";
		};
		380096481F5658C60078A726 /* Products */ = {
			isa = PBXGroup;
			children = (
				380096471F5658C60078A726 /* Flickr city.app */,
			);
			name = Products;
			sourceTree = "<group>";
		};
		380096491F5658C60078A726 /* Pixel city */ = {
			isa = PBXGroup;
			children = (
				3800965D1F578B010078A726 /* Controller */,
				3800965C1F578AED0078A726 /* View */,
				3800964A1F5658C60078A726 /* AppDelegate.swift */,
				3800964E1F5658C60078A726 /* Main.storyboard */,
				380096511F5658C60078A726 /* Assets.xcassets */,
				380096531F5658C60078A726 /* LaunchScreen.storyboard */,
				380096561F5658C60078A726 /* Info.plist */,
				380096661F57AE310078A726 /* Utilities.swift */,
			);
			path = "Pixel city";
			sourceTree = "<group>";
		};
		3800965C1F578AED0078A726 /* View */ = {
			isa = PBXGroup;
			children = (
				380096621F5793CC0078A726 /* DroppablePin.swift */,
				380096641F579F390078A726 /* PhotoCell.swift */,
			);
			name = View;
			sourceTree = "<group>";
		};
		3800965D1F578B010078A726 /* Controller */ = {
			isa = PBXGroup;
			children = (
				3800965E1F578B5F0078A726 /* MapViewController.swift */,
				380096601F578B7C0078A726 /* PopViewController.swift */,
			);
			name = Controller;
			sourceTree = "<group>";
		};
		7C66BBC42A252D29DFEF1DA3 /* Pods */ = {
			isa = PBXGroup;
			children = (
				437DB41AEED94A8B34C83E06 /* Pods-Pixel city.debug.xcconfig */,
				1874C6294FD0A325851D04F9 /* Pods-Pixel city.release.xcconfig */,
			);
			name = Pods;
			sourceTree = "<group>";
		};
/* End PBXGroup section */

/* Begin PBXNativeTarget section */
		380096461F5658C60078A726 /* Flickr city */ = {
			isa = PBXNativeTarget;
			buildConfigurationList = 380096591F5658C60078A726 /* Build configuration list for PBXNativeTarget "Flickr city" */;
			buildPhases = (
				D9DE3D9CF6F70FE77E2517F5 /* [CP] Check Pods Manifest.lock */,
				380096431F5658C60078A726 /* Sources */,
				380096441F5658C60078A726 /* Frameworks */,
				380096451F5658C60078A726 /* Resources */,
				25CB5AE3329BDAB6292F771C /* [CP] Embed Pods Frameworks */,
				ED914A330BA6E1F1029BE2FF /* [CP] Copy Pods Resources */,
			);
			buildRules = (
			);
			dependencies = (
			);
			name = "Flickr city";
			productName = "Pixel city";
			productReference = 380096471F5658C60078A726 /* Flickr city.app */;
			productType = "com.apple.product-type.application";
		};
/* End PBXNativeTarget section */

/* Begin PBXProject section */
		3800963F1F5658C60078A726 /* Project object */ = {
			isa = PBXProject;
			attributes = {
				LastSwiftUpdateCheck = 0830;
				LastUpgradeCheck = 0910;
				ORGANIZATIONNAME = PeterChen;
				TargetAttributes = {
					380096461F5658C60078A726 = {
						CreatedOnToolsVersion = 8.3.3;
						DevelopmentTeam = L6VPYXD3CW;
						LastSwiftMigration = 0910;
						ProvisioningStyle = Automatic;
						SystemCapabilities = {
							com.apple.Maps.iOS = {
								enabled = 1;
							};
						};
					};
				};
			};
			buildConfigurationList = 380096421F5658C60078A726 /* Build configuration list for PBXProject "Flickr city" */;
			compatibilityVersion = "Xcode 3.2";
			developmentRegion = English;
			hasScannedForEncodings = 0;
			knownRegions = (
				en,
				Base,
			);
			mainGroup = 3800963E1F5658C60078A726;
			productRefGroup = 380096481F5658C60078A726 /* Products */;
			projectDirPath = "";
			projectRoot = "";
			targets = (
				380096461F5658C60078A726 /* Flickr city */,
			);
		};
/* End PBXProject section */

/* Begin PBXResourcesBuildPhase section */
		380096451F5658C60078A726 /* Resources */ = {
			isa = PBXResourcesBuildPhase;
			buildActionMask = 2147483647;
			files = (
				380096551F5658C60078A726 /* LaunchScreen.storyboard in Resources */,
				380096521F5658C60078A726 /* Assets.xcassets in Resources */,
				380096501F5658C60078A726 /* Main.storyboard in Resources */,
			);
			runOnlyForDeploymentPostprocessing = 0;
		};
/* End PBXResourcesBuildPhase section */

/* Begin PBXShellScriptBuildPhase section */
		25CB5AE3329BDAB6292F771C /* [CP] Embed Pods Frameworks */ = {
			isa = PBXShellScriptBuildPhase;
			buildActionMask = 2147483647;
			files = (
			);
			inputPaths = (
			);
			name = "[CP] Embed Pods Frameworks";
			outputPaths = (
			);
			runOnlyForDeploymentPostprocessing = 0;
			shellPath = /bin/sh;
			shellScript = "\"${SRCROOT}/Pods/Target Support Files/Pods-Pixel city/Pods-Pixel city-frameworks.sh\"\n";
			showEnvVarsInLog = 0;
		};
		D9DE3D9CF6F70FE77E2517F5 /* [CP] Check Pods Manifest.lock */ = {
			isa = PBXShellScriptBuildPhase;
			buildActionMask = 2147483647;
			files = (
			);
			inputPaths = (
			);
			name = "[CP] Check Pods Manifest.lock";
			outputPaths = (
			);
			runOnlyForDeploymentPostprocessing = 0;
			shellPath = /bin/sh;
			shellScript = "diff \"${PODS_ROOT}/../Podfile.lock\" \"${PODS_ROOT}/Manifest.lock\" > /dev/null\nif [[ $? != 0 ]] ; then\n    cat << EOM\nerror: The sandbox is not in sync with the Podfile.lock. Run 'pod install' or update your CocoaPods installation.\nEOM\n    exit 1\nfi\n";
			showEnvVarsInLog = 0;
		};
		ED914A330BA6E1F1029BE2FF /* [CP] Copy Pods Resources */ = {
			isa = PBXShellScriptBuildPhase;
			buildActionMask = 2147483647;
			files = (
			);
			inputPaths = (
			);
			name = "[CP] Copy Pods Resources";
			outputPaths = (
			);
			runOnlyForDeploymentPostprocessing = 0;
			shellPath = /bin/sh;
			shellScript = "\"${SRCROOT}/Pods/Target Support Files/Pods-Pixel city/Pods-Pixel city-resources.sh\"\n";
			showEnvVarsInLog = 0;
		};
/* End PBXShellScriptBuildPhase section */

/* Begin PBXSourcesBuildPhase section */
		380096431F5658C60078A726 /* Sources */ = {
			isa = PBXSourcesBuildPhase;
			buildActionMask = 2147483647;
			files = (
				380096671F57AE310078A726 /* Utilities.swift in Sources */,
				380096651F579F390078A726 /* PhotoCell.swift in Sources */,
				3800964B1F5658C60078A726 /* AppDelegate.swift in Sources */,
				380096631F5793CC0078A726 /* DroppablePin.swift in Sources */,
				3800965F1F578B5F0078A726 /* MapViewController.swift in Sources */,
				380096611F578B7C0078A726 /* PopViewController.swift in Sources */,
			);
			runOnlyForDeploymentPostprocessing = 0;
		};
/* End PBXSourcesBuildPhase section */

/* Begin PBXVariantGroup section */
		3800964E1F5658C60078A726 /* Main.storyboard */ = {
			isa = PBXVariantGroup;
			children = (
				3800964F1F5658C60078A726 /* Base */,
			);
			name = Main.storyboard;
			sourceTree = "<group>";
		};
		380096531F5658C60078A726 /* LaunchScreen.storyboard */ = {
			isa = PBXVariantGroup;
			children = (
				380096541F5658C60078A726 /* Base */,
			);
			name = LaunchScreen.storyboard;
			sourceTree = "<group>";
		};
/* End PBXVariantGroup section */

/* Begin XCBuildConfiguration section */
		380096571F5658C60078A726 /* Debug */ = {
			isa = XCBuildConfiguration;
			buildSettings = {
				ALWAYS_SEARCH_USER_PATHS = NO;
				CLANG_ANALYZER_NONNULL = YES;
				CLANG_ANALYZER_NUMBER_OBJECT_CONVERSION = YES_AGGRESSIVE;
				CLANG_CXX_LANGUAGE_STANDARD = "gnu++0x";
				CLANG_CXX_LIBRARY = "libc++";
				CLANG_ENABLE_MODULES = YES;
				CLANG_ENABLE_OBJC_ARC = YES;
				CLANG_WARN_BLOCK_CAPTURE_AUTORELEASING = YES;
				CLANG_WARN_BOOL_CONVERSION = YES;
				CLANG_WARN_COMMA = YES;
				CLANG_WARN_CONSTANT_CONVERSION = YES;
				CLANG_WARN_DIRECT_OBJC_ISA_USAGE = YES_ERROR;
				CLANG_WARN_DOCUMENTATION_COMMENTS = YES;
				CLANG_WARN_EMPTY_BODY = YES;
				CLANG_WARN_ENUM_CONVERSION = YES;
				CLANG_WARN_INFINITE_RECURSION = YES;
				CLANG_WARN_INT_CONVERSION = YES;
				CLANG_WARN_NON_LITERAL_NULL_CONVERSION = YES;
				CLANG_WARN_OBJC_LITERAL_CONVERSION = YES;
				CLANG_WARN_OBJC_ROOT_CLASS = YES_ERROR;
				CLANG_WARN_RANGE_LOOP_ANALYSIS = YES;
				CLANG_WARN_STRICT_PROTOTYPES = YES;
				CLANG_WARN_SUSPICIOUS_MOVE = YES;
				CLANG_WARN_UNREACHABLE_CODE = YES;
				CLANG_WARN__DUPLICATE_METHOD_MATCH = YES;
				"CODE_SIGN_IDENTITY[sdk=iphoneos*]" = "iPhone Developer";
				COPY_PHASE_STRIP = NO;
				DEBUG_INFORMATION_FORMAT = dwarf;
				ENABLE_STRICT_OBJC_MSGSEND = YES;
				ENABLE_TESTABILITY = YES;
				GCC_C_LANGUAGE_STANDARD = gnu99;
				GCC_DYNAMIC_NO_PIC = NO;
				GCC_NO_COMMON_BLOCKS = YES;
				GCC_OPTIMIZATION_LEVEL = 0;
				GCC_PREPROCESSOR_DEFINITIONS = (
					"DEBUG=1",
					"$(inherited)",
				);
				GCC_WARN_64_TO_32_BIT_CONVERSION = YES;
				GCC_WARN_ABOUT_RETURN_TYPE = YES_ERROR;
				GCC_WARN_UNDECLARED_SELECTOR = YES;
				GCC_WARN_UNINITIALIZED_AUTOS = YES_AGGRESSIVE;
				GCC_WARN_UNUSED_FUNCTION = YES;
				GCC_WARN_UNUSED_VARIABLE = YES;
				IPHONEOS_DEPLOYMENT_TARGET = 10.3;
				MTL_ENABLE_DEBUG_INFO = YES;
				ONLY_ACTIVE_ARCH = YES;
				SDKROOT = iphoneos;
				SWIFT_ACTIVE_COMPILATION_CONDITIONS = DEBUG;
				SWIFT_OPTIMIZATION_LEVEL = "-Onone";
				SWIFT_VERSION = 3.0;
				TARGETED_DEVICE_FAMILY = "1,2";
			};
			name = Debug;
		};
		380096581F5658C60078A726 /* Release */ = {
			isa = XCBuildConfiguration;
			buildSettings = {
				ALWAYS_SEARCH_USER_PATHS = NO;
				CLANG_ANALYZER_NONNULL = YES;
				CLANG_ANALYZER_NUMBER_OBJECT_CONVERSION = YES_AGGRESSIVE;
				CLANG_CXX_LANGUAGE_STANDARD = "gnu++0x";
				CLANG_CXX_LIBRARY = "libc++";
				CLANG_ENABLE_MODULES = YES;
				CLANG_ENABLE_OBJC_ARC = YES;
				CLANG_WARN_BLOCK_CAPTURE_AUTORELEASING = YES;
				CLANG_WARN_BOOL_CONVERSION = YES;
				CLANG_WARN_COMMA = YES;
				CLANG_WARN_CONSTANT_CONVERSION = YES;
				CLANG_WARN_DIRECT_OBJC_ISA_USAGE = YES_ERROR;
				CLANG_WARN_DOCUMENTATION_COMMENTS = YES;
				CLANG_WARN_EMPTY_BODY = YES;
				CLANG_WARN_ENUM_CONVERSION = YES;
				CLANG_WARN_INFINITE_RECURSION = YES;
				CLANG_WARN_INT_CONVERSION = YES;
				CLANG_WARN_NON_LITERAL_NULL_CONVERSION = YES;
				CLANG_WARN_OBJC_LITERAL_CONVERSION = YES;
				CLANG_WARN_OBJC_ROOT_CLASS = YES_ERROR;
				CLANG_WARN_RANGE_LOOP_ANALYSIS = YES;
				CLANG_WARN_STRICT_PROTOTYPES = YES;
				CLANG_WARN_SUSPICIOUS_MOVE = YES;
				CLANG_WARN_UNREACHABLE_CODE = YES;
				CLANG_WARN__DUPLICATE_METHOD_MATCH = YES;
				"CODE_SIGN_IDENTITY[sdk=iphoneos*]" = "iPhone Developer";
				COPY_PHASE_STRIP = NO;
				DEBUG_INFORMATION_FORMAT = "dwarf-with-dsym";
				ENABLE_NS_ASSERTIONS = NO;
				ENABLE_STRICT_OBJC_MSGSEND = YES;
				GCC_C_LANGUAGE_STANDARD = gnu99;
				GCC_NO_COMMON_BLOCKS = YES;
				GCC_WARN_64_TO_32_BIT_CONVERSION = YES;
				GCC_WARN_ABOUT_RETURN_TYPE = YES_ERROR;
				GCC_WARN_UNDECLARED_SELECTOR = YES;
				GCC_WARN_UNINITIALIZED_AUTOS = YES_AGGRESSIVE;
				GCC_WARN_UNUSED_FUNCTION = YES;
				GCC_WARN_UNUSED_VARIABLE = YES;
				IPHONEOS_DEPLOYMENT_TARGET = 10.3;
				MTL_ENABLE_DEBUG_INFO = NO;
				SDKROOT = iphoneos;
				SWIFT_OPTIMIZATION_LEVEL = "-Owholemodule";
				SWIFT_VERSION = 3.0;
				TARGETED_DEVICE_FAMILY = "1,2";
				VALIDATE_PRODUCT = YES;
			};
			name = Release;
		};
		3800965A1F5658C60078A726 /* Debug */ = {
			isa = XCBuildConfiguration;
			baseConfigurationReference = 437DB41AEED94A8B34C83E06 /* Pods-Pixel city.debug.xcconfig */;
			buildSettings = {
				ALWAYS_EMBED_SWIFT_STANDARD_LIBRARIES = YES;
				ASSETCATALOG_COMPILER_APPICON_NAME = AppIcon;
				DEVELOPMENT_TEAM = L6VPYXD3CW;
				INFOPLIST_FILE = "Pixel city/Info.plist";
				LD_RUNPATH_SEARCH_PATHS = "$(inherited) @executable_path/Frameworks";
				PRODUCT_BUNDLE_IDENTIFIER = "Peter.Flickr-city";
				PRODUCT_NAME = "$(TARGET_NAME)";
				SWIFT_VERSION = 3.0;
			};
			name = Debug;
		};
		3800965B1F5658C60078A726 /* Release */ = {
			isa = XCBuildConfiguration;
			baseConfigurationReference = 1874C6294FD0A325851D04F9 /* Pods-Pixel city.release.xcconfig */;
			buildSettings = {
				ALWAYS_EMBED_SWIFT_STANDARD_LIBRARIES = YES;
				ASSETCATALOG_COMPILER_APPICON_NAME = AppIcon;
				DEVELOPMENT_TEAM = L6VPYXD3CW;
				INFOPLIST_FILE = "Pixel city/Info.plist";
				LD_RUNPATH_SEARCH_PATHS = "$(inherited) @executable_path/Frameworks";
				PRODUCT_BUNDLE_IDENTIFIER = "Peter.Flickr-city";
				PRODUCT_NAME = "$(TARGET_NAME)";
				SWIFT_VERSION = 3.0;
			};
			name = Release;
		};
/* End XCBuildConfiguration section */

/* Begin XCConfigurationList section */
		380096421F5658C60078A726 /* Build configuration list for PBXProject "Flickr city" */ = {
			isa = XCConfigurationList;
			buildConfigurations = (
				380096571F5658C60078A726 /* Debug */,
				380096581F5658C60078A726 /* Release */,
			);
			defaultConfigurationIsVisible = 0;
			defaultConfigurationName = Release;
		};
		380096591F5658C60078A726 /* Build configuration list for PBXNativeTarget "Flickr city" */ = {
			isa = XCConfigurationList;
			buildConfigurations = (
				3800965A1F5658C60078A726 /* Debug */,
				3800965B1F5658C60078A726 /* Release */,
			);
			defaultConfigurationIsVisible = 0;
			defaultConfigurationName = Release;
		};
/* End XCConfigurationList section */
	};
	rootObject = 3800963F1F5658C60078A726 /* Project object */;
}
